
Microsoft Visual Studio Solution File, Format Version 12.00
# Visual Studio Version 17
VisualStudioVersion = 17.14.36930.0
MinimumVisualStudioVersion = 10.0.40219.1
Project("{8BC9CEB8-8B4A-11D0-8D11-00A0C91BC942}") = "dictionary", "dictionary\dictionary.vcxproj", "{6BD112E5-F0E9-4AFA-A2A3-B0661D5D6FB9}"
EndProject
Project("{8BC9CEB8-8B4A-11D0-8D11-00A0C91BC942}") = "Tests", "Tests\Tests.vcxproj", "{5B05454C-4CA2-4CCE-8B16-D90E4B52EAC2}"
EndProject
Global
	GlobalSection(SolutionConfigurationPlatforms) = preSolution
		Debug|x64 = Debug|x64
		Debug|x86 = Debug|x86
		Release|x64 = Release|x64
		Release|x86 = Release|x86
	EndGlobalSection
	GlobalSection(ProjectConfigurationPlatforms) = postSolution
		{6BD112E5-F0E9-4AFA-A2A3-B0661D5D6FB9}.Debug|x64.ActiveCfg = Debug|x64
		{6BD112E5-F0E9-4AFA-A2A3-B0661D5D6FB9}.Debug|x86.ActiveCfg = Debug|Win32
		{6BD112E5-F0E9-4AFA-A2A3-B0661D5D6FB9}.Debug|x86.Build.0 = Debug|Win32
		{6BD112E5-F0E9-4AFA-A2A3-B0661D5D6FB9}.Release|x64.ActiveCfg = Release|x64
		{6BD112E5-F0E9-4AFA-A2A3-B0661D5D6FB9}.Release|x64.Build.0 = Release|x64
		{6BD112E5-F0E9-4AFA-A2A3-B0661D5D6FB9}.Release|x86.ActiveCfg = Release|Win32
		{6BD112E5-F0E9-4AFA-A2A3-B0661D5D6FB9}.Release|x86.Build.0 = Release|Win32
		{5B05454C-4CA2-4CCE-8B16-D90E4B52EAC2}.Debug|x64.ActiveCfg = Debug|x64
		{5B05454C-4CA2-4CCE-8B16-D90E4B52EAC2}.Debug|x64.Build.0 = Debug|x64
		{5B05454C-4CA2-4CCE-8B16-D90E4B52EAC2}.Debug|x86.ActiveCfg = Debug|Win32
		{5B05454C-4CA2-4CCE-8B16-D90E4B52EAC2}.Debug|x86.Build.0 = Debug|Win32
		{5B05454C-4CA2-4CCE-8B16-D90E4B52EAC2}.Release|x64.ActiveCfg = Release|x64
		{5B05454C-4CA2-4CCE-8B16-D90E4B52EAC2}.Release|x64.Build.0 = Release|x64
		{5B05454C-4CA2-4CCE-8B16-D90E4B52EAC2}.Release|x86.ActiveCfg = Release|Win32
		{5B05454C-4CA2-4CCE-8B16-D90E4B52EAC2}.Release|x86.Build.0 = Release|Win32
	EndGlobalSection
	GlobalSection(SolutionProperties) = preSolution
		HideSolutionNode = FALSE
	EndGlobalSection
	GlobalSection(ExtensibilityGlobals) = postSolution
		SolutionGuid = {67F8BDDD-64C1-46CB-9FD9-2BA734E25574}
	EndGlobalSection
EndGlobal
