
Microsoft Visual Studio Solution File, Format Version 12.00
# Visual Studio Version 17
VisualStudioVersion = 17.14.36930.0 d17.14
MinimumVisualStudioVersion = 10.0.40219.1
Project("{8BC9CEB8-8B4A-11D0-8D11-00A0C91BC942}") = "invert", "invert\invert.vcxproj", "{F227B83C-0315-4EC9-9966-C6E7854927EF}"
EndProject
Global
	GlobalSection(SolutionConfigurationPlatforms) = preSolution
		Debug|x64 = Debug|x64
		Debug|x86 = Debug|x86
		Release|x64 = Release|x64
		Release|x86 = Release|x86
	EndGlobalSection
	GlobalSection(ProjectConfigurationPlatforms) = postSolution
		{F227B83C-0315-4EC9-9966-C6E7854927EF}.Debug|x64.ActiveCfg = Debug|x64
		{F227B83C-0315-4EC9-9966-C6E7854927EF}.Debug|x64.Build.0 = Debug|x64
		{F227B83C-0315-4EC9-9966-C6E7854927EF}.Debug|x86.ActiveCfg = Debug|Win32
		{F227B83C-0315-4EC9-9966-C6E7854927EF}.Debug|x86.Build.0 = Debug|Win32
		{F227B83C-0315-4EC9-9966-C6E7854927EF}.Release|x64.ActiveCfg = Release|x64
		{F227B83C-0315-4EC9-9966-C6E7854927EF}.Release|x64.Build.0 = Release|x64
		{F227B83C-0315-4EC9-9966-C6E7854927EF}.Release|x86.ActiveCfg = Release|Win32
		{F227B83C-0315-4EC9-9966-C6E7854927EF}.Release|x86.Build.0 = Release|Win32
	EndGlobalSection
	GlobalSection(SolutionProperties) = preSolution
		HideSolutionNode = FALSE
	EndGlobalSection
	GlobalSection(ExtensibilityGlobals) = postSolution
		SolutionGuid = {A651E8F9-DD50-428B-BCFD-315D86DD102A}
	EndGlobalSection
EndGlobal
